
Microsoft Visual Studio Solution File, Format Version 12.00
# Visual Studio Version 16
VisualStudioVersion = 16.0.29920.165
MinimumVisualStudioVersion = 10.0.40219.1
Project("{FAE04EC0-301F-11D3-BF4B-00C04F79EFBC}") = "actividad", "actividad\actividad.csproj", "{B39AF4C2-ED24-4579-BDF1-46155B118C33}"
EndProject
Global
	GlobalSection(SolutionConfigurationPlatforms) = preSolution
		Debug|Any CPU = Debug|Any CPU
		Release|Any CPU = Release|Any CPU
	EndGlobalSection
	GlobalSection(ProjectConfigurationPlatforms) = postSolution
		{B39AF4C2-ED24-4579-BDF1-46155B118C33}.Debug|Any CPU.ActiveCfg = Debug|Any CPU
		{B39AF4C2-ED24-4579-BDF1-46155B118C33}.Debug|Any CPU.Build.0 = Debug|Any CPU
		{B39AF4C2-ED24-4579-BDF1-46155B118C33}.Release|Any CPU.ActiveCfg = Release|Any CPU
		{B39AF4C2-ED24-4579-BDF1-46155B118C33}.Release|Any CPU.Build.0 = Release|Any CPU
	EndGlobalSection
	GlobalSection(SolutionProperties) = preSolution
		HideSolutionNode = FALSE
	EndGlobalSection
	GlobalSection(ExtensibilityGlobals) = postSolution
		SolutionGuid = {2F325735-C7BA-4DEA-A843-9E319373C8D6}
	EndGlobalSection
EndGlobal
